
Microsoft Visual Studio Solution File, Format Version 12.00
# Visual Studio 14
VisualStudioVersion = 14.0.25123.0
MinimumVisualStudioVersion = 10.0.40219.1
Project("{FAE04EC0-301F-11D3-BF4B-00C04F79EFBC}") = "BouncingGame", "BouncingGame\BouncingGame\BouncingGame.csproj", "{73C7BE7D-0619-4873-971A-FFC10BB3030A}"
EndProject
Project("{FAE04EC0-301F-11D3-BF4B-00C04F79EFBC}") = "BouncingGame.WP81", "BouncingGame\BouncingGame.WP81\BouncingGame.WP81.csproj", "{BD0CB751-D2F7-4093-98B5-3CCE93CD2913}"
EndProject
Project("{FAE04EC0-301F-11D3-BF4B-00C04F79EFBC}") = "BouncingGame.Droid", "BouncingGame\BouncingGame.Droid\BouncingGame.Droid.csproj", "{E2F17C47-B513-49D1-8757-577258685DDC}"
EndProject
Project("{FAE04EC0-301F-11D3-BF4B-00C04F79EFBC}") = "BouncingGame.iOS", "BouncingGame\BouncingGame.iOS\BouncingGame.iOS.csproj", "{5A11F958-71DC-4D3E-B12B-9D11AF0333FA}"
EndProject
Global
	GlobalSection(SolutionConfigurationPlatforms) = preSolution
		AppStore|Any CPU = AppStore|Any CPU
		AppStore|ARM = AppStore|ARM
		AppStore|iPhone = AppStore|iPhone
		AppStore|iPhoneSimulator = AppStore|iPhoneSimulator
		AppStore|x86 = AppStore|x86
		Debug|Any CPU = Debug|Any CPU
		Debug|ARM = Debug|ARM
		Debug|iPhone = Debug|iPhone
		Debug|iPhoneSimulator = Debug|iPhoneSimulator
		Debug|x86 = Debug|x86
		Release|Any CPU = Release|Any CPU
		Release|ARM = Release|ARM
		Release|iPhone = Release|iPhone
		Release|iPhoneSimulator = Release|iPhoneSimulator
		Release|x86 = Release|x86
	EndGlobalSection
	GlobalSection(ProjectConfigurationPlatforms) = postSolution
		{73C7BE7D-0619-4873-971A-FFC10BB3030A}.AppStore|Any CPU.ActiveCfg = Release|Any CPU
		{73C7BE7D-0619-4873-971A-FFC10BB3030A}.AppStore|Any CPU.Build.0 = Release|Any CPU
		{73C7BE7D-0619-4873-971A-FFC10BB3030A}.AppStore|ARM.ActiveCfg = Release|Any CPU
		{73C7BE7D-0619-4873-971A-FFC10BB3030A}.AppStore|ARM.Build.0 = Release|Any CPU
		{73C7BE7D-0619-4873-971A-FFC10BB3030A}.AppStore|iPhone.ActiveCfg = Release|Any CPU
		{73C7BE7D-0619-4873-971A-FFC10BB3030A}.AppStore|iPhone.Build.0 = Release|Any CPU
		{73C7BE7D-0619-4873-971A-FFC10BB3030A}.AppStore|iPhoneSimulator.ActiveCfg = Release|Any CPU
		{73C7BE7D-0619-4873-971A-FFC10BB3030A}.AppStore|iPhoneSimulator.Build.0 = Release|Any CPU
		{73C7BE7D-0619-4873-971A-FFC10BB3030A}.AppStore|x86.ActiveCfg = Release|Any CPU
		{73C7BE7D-0619-4873-971A-FFC10BB3030A}.AppStore|x86.Build.0 = Release|Any CPU
		{73C7BE7D-0619-4873-971A-FFC10BB3030A}.Debug|Any CPU.ActiveCfg = Debug|Any CPU
		{73C7BE7D-0619-4873-971A-FFC10BB3030A}.Debug|Any CPU.Build.0 = Debug|Any CPU
		{73C7BE7D-0619-4873-971A-FFC10BB3030A}.Debug|ARM.ActiveCfg = Debug|Any CPU
		{73C7BE7D-0619-4873-971A-FFC10BB3030A}.Debug|ARM.Build.0 = Debug|Any CPU
		{73C7BE7D-0619-4873-971A-FFC10BB3030A}.Debug|iPhone.ActiveCfg = Debug|Any CPU
		{73C7BE7D-0619-4873-971A-FFC10BB3030A}.Debug|iPhone.Build.0 = Debug|Any CPU
		{73C7BE7D-0619-4873-971A-FFC10BB3030A}.Debug|iPhoneSimulator.ActiveCfg = Debug|Any CPU
		{73C7BE7D-0619-4873-971A-FFC10BB3030A}.Debug|iPhoneSimulator.Build.0 = Debug|Any CPU
		{73C7BE7D-0619-4873-971A-FFC10BB3030A}.Debug|x86.ActiveCfg = Debug|Any CPU
		{73C7BE7D-0619-4873-971A-FFC10BB3030A}.Debug|x86.Build.0 = Debug|Any CPU
		{73C7BE7D-0619-4873-971A-FFC10BB3030A}.Release|Any CPU.ActiveCfg = Release|Any CPU
		{73C7BE7D-0619-4873-971A-FFC10BB3030A}.Release|Any CPU.Build.0 = Release|Any CPU
		{73C7BE7D-0619-4873-971A-FFC10BB3030A}.Release|ARM.ActiveCfg = Release|Any CPU
		{73C7BE7D-0619-4873-971A-FFC10BB3030A}.Release|ARM.Build.0 = Release|Any CPU
		{73C7BE7D-0619-4873-971A-FFC10BB3030A}.Release|iPhone.ActiveCfg = Release|Any CPU
		{73C7BE7D-0619-4873-971A-FFC10BB3030A}.Release|iPhone.Build.0 = Release|Any CPU
		{73C7BE7D-0619-4873-971A-FFC10BB3030A}.Release|iPhoneSimulator.ActiveCfg = Release|Any CPU
		{73C7BE7D-0619-4873-971A-FFC10BB3030A}.Release|iPhoneSimulator.Build.0 = Release|Any CPU
		{73C7BE7D-0619-4873-971A-FFC10BB3030A}.Release|x86.ActiveCfg = Release|Any CPU
		{73C7BE7D-0619-4873-971A-FFC10BB3030A}.Release|x86.Build.0 = Release|Any CPU
		{BD0CB751-D2F7-4093-98B5-3CCE93CD2913}.AppStore|Any CPU.ActiveCfg = Release|Any CPU
		{BD0CB751-D2F7-4093-98B5-3CCE93CD2913}.AppStore|Any CPU.Build.0 = Release|Any CPU
		{BD0CB751-D2F7-4093-98B5-3CCE93CD2913}.AppStore|Any CPU.Deploy.0 = Release|Any CPU
		{BD0CB751-D2F7-4093-98B5-3CCE93CD2913}.AppStore|ARM.ActiveCfg = Release|ARM
		{BD0CB751-D2F7-4093-98B5-3CCE93CD2913}.AppStore|ARM.Build.0 = Release|ARM
		{BD0CB751-D2F7-4093-98B5-3CCE93CD2913}.AppStore|ARM.Deploy.0 = Release|ARM
		{BD0CB751-D2F7-4093-98B5-3CCE93CD2913}.AppStore|iPhone.ActiveCfg = Release|Any CPU
		{BD0CB751-D2F7-4093-98B5-3CCE93CD2913}.AppStore|iPhone.Build.0 = Release|Any CPU
		{BD0CB751-D2F7-4093-98B5-3CCE93CD2913}.AppStore|iPhone.Deploy.0 = Release|Any CPU
		{BD0CB751-D2F7-4093-98B5-3CCE93CD2913}.AppStore|iPhoneSimulator.ActiveCfg = Release|Any CPU
		{BD0CB751-D2F7-4093-98B5-3CCE93CD2913}.AppStore|iPhoneSimulator.Build.0 = Release|Any CPU
		{BD0CB751-D2F7-4093-98B5-3CCE93CD2913}.AppStore|iPhoneSimulator.Deploy.0 = Release|Any CPU
		{BD0CB751-D2F7-4093-98B5-3CCE93CD2913}.AppStore|x86.ActiveCfg = Release|x86
		{BD0CB751-D2F7-4093-98B5-3CCE93CD2913}.AppStore|x86.Build.0 = Release|x86
		{BD0CB751-D2F7-4093-98B5-3CCE93CD2913}.AppStore|x86.Deploy.0 = Release|x86
		{BD0CB751-D2F7-4093-98B5-3CCE93CD2913}.Debug|Any CPU.ActiveCfg = Debug|Any CPU
		{BD0CB751-D2F7-4093-98B5-3CCE93CD2913}.Debug|Any CPU.Build.0 = Debug|Any CPU
		{BD0CB751-D2F7-4093-98B5-3CCE93CD2913}.Debug|Any CPU.Deploy.0 = Debug|Any CPU
		{BD0CB751-D2F7-4093-98B5-3CCE93CD2913}.Debug|ARM.ActiveCfg = Debug|ARM
		{BD0CB751-D2F7-4093-98B5-3CCE93CD2913}.Debug|ARM.Build.0 = Debug|ARM
		{BD0CB751-D2F7-4093-98B5-3CCE93CD2913}.Debug|ARM.Deploy.0 = Debug|ARM
		{BD0CB751-D2F7-4093-98B5-3CCE93CD2913}.Debug|iPhone.ActiveCfg = Debug|Any CPU
		{BD0CB751-D2F7-4093-98B5-3CCE93CD2913}.Debug|iPhone.Build.0 = Debug|Any CPU
		{BD0CB751-D2F7-4093-98B5-3CCE93CD2913}.Debug|iPhone.Deploy.0 = Debug|Any CPU
		{BD0CB751-D2F7-4093-98B5-3CCE93CD2913}.Debug|iPhoneSimulator.ActiveCfg = Debug|Any CPU
		{BD0CB751-D2F7-4093-98B5-3CCE93CD2913}.Debug|iPhoneSimulator.Build.0 = Debug|Any CPU
		{BD0CB751-D2F7-4093-98B5-3CCE93CD2913}.Debug|iPhoneSimulator.Deploy.0 = Debug|Any CPU
		{BD0CB751-D2F7-4093-98B5-3CCE93CD2913}.Debug|x86.ActiveCfg = Debug|x86
		{BD0CB751-D2F7-4093-98B5-3CCE93CD2913}.Debug|x86.Build.0 = Debug|x86
		{BD0CB751-D2F7-4093-98B5-3CCE93CD2913}.Debug|x86.Deploy.0 = Debug|x86
		{BD0CB751-D2F7-4093-98B5-3CCE93CD2913}.Release|Any CPU.ActiveCfg = Release|Any CPU
		{BD0CB751-D2F7-4093-98B5-3CCE93CD2913}.Release|Any CPU.Build.0 = Release|Any CPU
		{BD0CB751-D2F7-4093-98B5-3CCE93CD2913}.Release|Any CPU.Deploy.0 = Release|Any CPU
		{BD0CB751-D2F7-4093-98B5-3CCE93CD2913}.Release|ARM.ActiveCfg = Release|ARM
		{BD0CB751-D2F7-4093-98B5-3CCE93CD2913}.Release|ARM.Build.0 = Release|ARM
		{BD0CB751-D2F7-4093-98B5-3CCE93CD2913}.Release|ARM.Deploy.0 = Release|ARM
		{BD0CB751-D2F7-4093-98B5-3CCE93CD2913}.Release|iPhone.ActiveCfg = Release|Any CPU
		{BD0CB751-D2F7-4093-98B5-3CCE93CD2913}.Release|iPhone.Build.0 = Release|Any CPU
		{BD0CB751-D2F7-4093-98B5-3CCE93CD2913}.Release|iPhone.Deploy.0 = Release|Any CPU
		{BD0CB751-D2F7-4093-98B5-3CCE93CD2913}.Release|iPhoneSimulator.ActiveCfg = Release|Any CPU
		{BD0CB751-D2F7-4093-98B5-3CCE93CD2913}.Release|iPhoneSimulator.Build.0 = Release|Any CPU
		{BD0CB751-D2F7-4093-98B5-3CCE93CD2913}.Release|iPhoneSimulator.Deploy.0 = Release|Any CPU
		{BD0CB751-D2F7-4093-98B5-3CCE93CD2913}.Release|x86.ActiveCfg = Release|x86
		{BD0CB751-D2F7-4093-98B5-3CCE93CD2913}.Release|x86.Build.0 = Release|x86
		{BD0CB751-D2F7-4093-98B5-3CCE93CD2913}.Release|x86.Deploy.0 = Release|x86
		{E2F17C47-B513-49D1-8757-577258685DDC}.AppStore|Any CPU.ActiveCfg = Release|Any CPU
		{E2F17C47-B513-49D1-8757-577258685DDC}.AppStore|Any CPU.Build.0 = Release|Any CPU
		{E2F17C47-B513-49D1-8757-577258685DDC}.AppStore|Any CPU.Deploy.0 = Release|Any CPU
		{E2F17C47-B513-49D1-8757-577258685DDC}.AppStore|ARM.ActiveCfg = Release|Any CPU
		{E2F17C47-B513-49D1-8757-577258685DDC}.AppStore|ARM.Build.0 = Release|Any CPU
		{E2F17C47-B513-49D1-8757-577258685DDC}.AppStore|ARM.Deploy.0 = Release|Any CPU
		{E2F17C47-B513-49D1-8757-577258685DDC}.AppStore|iPhone.ActiveCfg = Release|Any CPU
		{E2F17C47-B513-49D1-8757-577258685DDC}.AppStore|iPhone.Build.0 = Release|Any CPU
		{E2F17C47-B513-49D1-8757-577258685DDC}.AppStore|iPhone.Deploy.0 = Release|Any CPU
		{E2F17C47-B513-49D1-8757-577258685DDC}.AppStore|iPhoneSimulator.ActiveCfg = Release|Any CPU
		{E2F17C47-B513-49D1-8757-577258685DDC}.AppStore|iPhoneSimulator.Build.0 = Release|Any CPU
		{E2F17C47-B513-49D1-8757-577258685DDC}.AppStore|iPhoneSimulator.Deploy.0 = Release|Any CPU
		{E2F17C47-B513-49D1-8757-577258685DDC}.AppStore|x86.ActiveCfg = Release|Any CPU
		{E2F17C47-B513-49D1-8757-577258685DDC}.AppStore|x86.Build.0 = Release|Any CPU
		{E2F17C47-B513-49D1-8757-577258685DDC}.AppStore|x86.Deploy.0 = Release|Any CPU
		{E2F17C47-B513-49D1-8757-577258685DDC}.Debug|Any CPU.ActiveCfg = Debug|Any CPU
		{E2F17C47-B513-49D1-8757-577258685DDC}.Debug|Any CPU.Build.0 = Debug|Any CPU
		{E2F17C47-B513-49D1-8757-577258685DDC}.Debug|Any CPU.Deploy.0 = Debug|Any CPU
		{E2F17C47-B513-49D1-8757-577258685DDC}.Debug|ARM.ActiveCfg = Debug|Any CPU
		{E2F17C47-B513-49D1-8757-577258685DDC}.Debug|ARM.Build.0 = Debug|Any CPU
		{E2F17C47-B513-49D1-8757-577258685DDC}.Debug|ARM.Deploy.0 = Debug|Any CPU
		{E2F17C47-B513-49D1-8757-577258685DDC}.Debug|iPhone.ActiveCfg = Debug|Any CPU
		{E2F17C47-B513-49D1-8757-577258685DDC}.Debug|iPhone.Build.0 = Debug|Any CPU
		{E2F17C47-B513-49D1-8757-577258685DDC}.Debug|iPhone.Deploy.0 = Debug|Any CPU
		{E2F17C47-B513-49D1-8757-577258685DDC}.Debug|iPhoneSimulator.ActiveCfg = Debug|Any CPU
		{E2F17C47-B513-49D1-8757-577258685DDC}.Debug|iPhoneSimulator.Build.0 = Debug|Any CPU
		{E2F17C47-B513-49D1-8757-577258685DDC}.Debug|iPhoneSimulator.Deploy.0 = Debug|Any CPU
		{E2F17C47-B513-49D1-8757-577258685DDC}.Debug|x86.ActiveCfg = Debug|Any CPU
		{E2F17C47-B513-49D1-8757-577258685DDC}.Debug|x86.Build.0 = Debug|Any CPU
		{E2F17C47-B513-49D1-8757-577258685DDC}.Debug|x86.Deploy.0 = Debug|Any CPU
		{E2F17C47-B513-49D1-8757-577258685DDC}.Release|Any CPU.ActiveCfg = Release|Any CPU
		{E2F17C47-B513-49D1-8757-577258685DDC}.Release|Any CPU.Build.0 = Release|Any CPU
		{E2F17C47-B513-49D1-8757-577258685DDC}.Release|Any CPU.Deploy.0 = Release|Any CPU
		{E2F17C47-B513-49D1-8757-577258685DDC}.Release|ARM.ActiveCfg = Release|Any CPU
		{E2F17C47-B513-49D1-8757-577258685DDC}.Release|ARM.Build.0 = Release|Any CPU
		{E2F17C47-B513-49D1-8757-577258685DDC}.Release|ARM.Deploy.0 = Release|Any CPU
		{E2F17C47-B513-49D1-8757-577258685DDC}.Release|iPhone.ActiveCfg = Release|Any CPU
		{E2F17C47-B513-49D1-8757-577258685DDC}.Release|iPhone.Build.0 = Release|Any CPU
		{E2F17C47-B513-49D1-8757-577258685DDC}.Release|iPhone.Deploy.0 = Release|Any CPU
		{E2F17C47-B513-49D1-8757-577258685DDC}.Release|iPhoneSimulator.ActiveCfg = Release|Any CPU
		{E2F17C47-B513-49D1-8757-577258685DDC}.Release|iPhoneSimulator.Build.0 = Release|Any CPU
		{E2F17C47-B513-49D1-8757-577258685DDC}.Release|iPhoneSimulator.Deploy.0 = Release|Any CPU
		{E2F17C47-B513-49D1-8757-577258685DDC}.Release|x86.ActiveCfg = Release|Any CPU
		{E2F17C47-B513-49D1-8757-577258685DDC}.Release|x86.Build.0 = Release|Any CPU
		{E2F17C47-B513-49D1-8757-577258685DDC}.Release|x86.Deploy.0 = Release|Any CPU
		{5A11F958-71DC-4D3E-B12B-9D11AF0333FA}.AppStore|Any CPU.ActiveCfg = AppStore|iPhone
		{5A11F958-71DC-4D3E-B12B-9D11AF0333FA}.AppStore|ARM.ActiveCfg = AppStore|iPhone
		{5A11F958-71DC-4D3E-B12B-9D11AF0333FA}.AppStore|iPhone.ActiveCfg = AppStore|iPhone
		{5A11F958-71DC-4D3E-B12B-9D11AF0333FA}.AppStore|iPhone.Build.0 = AppStore|iPhone
		{5A11F958-71DC-4D3E-B12B-9D11AF0333FA}.AppStore|iPhoneSimulator.ActiveCfg = AppStore|iPhoneSimulator
		{5A11F958-71DC-4D3E-B12B-9D11AF0333FA}.AppStore|iPhoneSimulator.Build.0 = AppStore|iPhoneSimulator
		{5A11F958-71DC-4D3E-B12B-9D11AF0333FA}.AppStore|x86.ActiveCfg = AppStore|iPhone
		{5A11F958-71DC-4D3E-B12B-9D11AF0333FA}.Debug|Any CPU.ActiveCfg = Debug|iPhone
		{5A11F958-71DC-4D3E-B12B-9D11AF0333FA}.Debug|ARM.ActiveCfg = Debug|iPhone
		{5A11F958-71DC-4D3E-B12B-9D11AF0333FA}.Debug|iPhone.ActiveCfg = Debug|iPhone
		{5A11F958-71DC-4D3E-B12B-9D11AF0333FA}.Debug|iPhone.Build.0 = Debug|iPhone
		{5A11F958-71DC-4D3E-B12B-9D11AF0333FA}.Debug|iPhoneSimulator.ActiveCfg = Debug|iPhoneSimulator
		{5A11F958-71DC-4D3E-B12B-9D11AF0333FA}.Debug|iPhoneSimulator.Build.0 = Debug|iPhoneSimulator
		{5A11F958-71DC-4D3E-B12B-9D11AF0333FA}.Debug|x86.ActiveCfg = Debug|iPhone
		{5A11F958-71DC-4D3E-B12B-9D11AF0333FA}.Release|Any CPU.ActiveCfg = Release|iPhone
		{5A11F958-71DC-4D3E-B12B-9D11AF0333FA}.Release|ARM.ActiveCfg = Release|iPhone
		{5A11F958-71DC-4D3E-B12B-9D11AF0333FA}.Release|iPhone.ActiveCfg = Release|iPhone
		{5A11F958-71DC-4D3E-B12B-9D11AF0333FA}.Release|iPhone.Build.0 = Release|iPhone
		{5A11F958-71DC-4D3E-B12B-9D11AF0333FA}.Release|iPhoneSimulator.ActiveCfg = Release|iPhoneSimulator
		{5A11F958-71DC-4D3E-B12B-9D11AF0333FA}.Release|iPhoneSimulator.Build.0 = Release|iPhoneSimulator
		{5A11F958-71DC-4D3E-B12B-9D11AF0333FA}.Release|x86.ActiveCfg = Release|iPhone
	EndGlobalSection
	GlobalSection(SolutionProperties) = preSolution
		HideSolutionNode = FALSE
	EndGlobalSection
EndGlobal
